PODS:
  - GoogleWebRTC (1.1.22973)
  - Socket.IO-Client-Swift (13.1.3):
    - Starscream (~> 3.0.2)
  - Starscream (3.0.5)

DEPENDENCIES:
  - GoogleWebRTC
  - Socket.IO-Client-Swift

SPEC CHECKSUMS:
  GoogleWebRTC: 7e7a88c8914b0870afa2814434e13404a0834972
  Socket.IO-Client-Swift: d30d6fd08a38ad2a182b090936a043bf512ab2de
  Starscream: faf918b2f2eff7d5dd21180646bf015a669673bd

PODFILE CHECKSUM: fdee921f3b6014341dacfe76f67e7e46fc3f2cda

COCOAPODS: 1.4.0.rc.1
